// !$*UTF8*$!
{
	archiveVersion = 1;
	classes = {
	};
	objectVersion = 50;
	objects = {

/* Begin PBXBuildFile section */
		9BABBC5D24E1BEE20094A851 /* WERKOUTZApp.swift in Sources */ = {isa = PBXBuildFile; fileRef = 9BABBC5C24E1BEE20094A851 /* WERKOUTZApp.swift */; };
		9BABBC5F24E1BEE20094A851 /* ContentView.swift in Sources */ = {isa = PBXBuildFile; fileRef = 9BABBC5E24E1BEE20094A851 /* ContentView.swift */; };
		9BABBC6124E1BEE60094A851 /* Assets.xcassets in Resources */ = {isa = PBXBuildFile; fileRef = 9BABBC6024E1BEE60094A851 /* Assets.xcassets */; };
		9BABBC6424E1BEE60094A851 /* Preview Assets.xcassets in Resources */ = {isa = PBXBuildFile; fileRef = 9BABBC6324E1BEE60094A851 /* Preview Assets.xcassets */; };
		9BABBC6F24E1BEE60094A851 /* WERKOUTZTests.swift in Sources */ = {isa = PBXBuildFile; fileRef = 9BABBC6E24E1BEE60094A851 /* WERKOUTZTests.swift */; };
		9BABBC7A24E1BEE60094A851 /* WERKOUTZUITests.swift in Sources */ = {isa = PBXBuildFile; fileRef = 9BABBC7924E1BEE60094A851 /* WERKOUTZUITests.swift */; };
/* End PBXBuildFile section */

/* Begin PBXContainerItemProxy section */
		9BABBC6B24E1BEE60094A851 /* PBXContainerItemProxy */ = {
			isa = PBXContainerItemProxy;
			containerPortal = 9BABBC5124E1BEE20094A851 /* Project object */;
			proxyType = 1;
			remoteGlobalIDString = 9BABBC5824E1BEE20094A851;
			remoteInfo = WERKOUTZ;
		};
		9BABBC7624E1BEE60094A851 /* PBXContainerItemProxy */ = {
			isa = PBXContainerItemProxy;
			containerPortal = 9BABBC5124E1BEE20094A851 /* Project object */;
			proxyType = 1;
			remoteGlobalIDString = 9BABBC5824E1BEE20094A851;
			remoteInfo = WERKOUTZ;
		};
/* End PBXContainerItemProxy section */

/* Begin PBXFileReference section */
		9BABBC5924E1BEE20094A851 /* WERKOUTZ.app */ = {isa = PBXFileReference; explicitFileType = wrapper.application; includeInIndex = 0; path = WERKOUTZ.app; sourceTree = BUILT_PRODUCTS_DIR; };
		9BABBC5C24E1BEE20094A851 /* WERKOUTZApp.swift */ = {isa = PBXFileReference; lastKnownFileType = sourcecode.swift; path = WERKOUTZApp.swift; sourceTree = "<group>"; };
		9BABBC5E24E1BEE20094A851 /* ContentView.swift */ = {isa = PBXFileReference; lastKnownFileType = sourcecode.swift; path = ContentView.swift; sourceTree = "<group>"; };
		9BABBC6024E1BEE60094A851 /* Assets.xcassets */ = {isa = PBXFileReference; lastKnownFileType = folder.assetcatalog; path = Assets.xcassets; sourceTree = "<group>"; };
		9BABBC6324E1BEE60094A851 /* Preview Assets.xcassets */ = {isa = PBXFileReference; lastKnownFileType = folder.assetcatalog; path = "Preview Assets.xcassets"; sourceTree = "<group>"; };
		9BABBC6524E1BEE60094A851 /* Info.plist */ = {isa = PBXFileReference; lastKnownFileType = text.plist.xml; path = Info.plist; sourceTree = "<group>"; };
		9BABBC6A24E1BEE60094A851 /* WERKOUTZTests.xctest */ = {isa = PBXFileReference; explicitFileType = wrapper.cfbundle; includeInIndex = 0; path = WERKOUTZTests.xctest; sourceTree = BUILT_PRODUCTS_DIR; };
		9BABBC6E24E1BEE60094A851 /* WERKOUTZTests.swift */ = {isa = PBXFileReference; lastKnownFileType = sourcecode.swift; path = WERKOUTZTests.swift; sourceTree = "<group>"; };
		9BABBC7024E1BEE60094A851 /* Info.plist */ = {isa = PBXFileReference; lastKnownFileType = text.plist.xml; path = Info.plist; sourceTree = "<group>"; };
		9BABBC7524E1BEE60094A851 /* WERKOUTZUITests.xctest */ = {isa = PBXFileReference; explicitFileType = wrapper.cfbundle; includeInIndex = 0; path = WERKOUTZUITests.xctest; sourceTree = BUILT_PRODUCTS_DIR; };
		9BABBC7924E1BEE60094A851 /* WERKOUTZUITests.swift */ = {isa = PBXFileReference; lastKnownFileType = sourcecode.swift; path = WERKOUTZUITests.swift; sourceTree = "<group>"; };
		9BABBC7B24E1BEE60094A851 /* Info.plist */ = {isa = PBXFileReference; lastKnownFileType = text.plist.xml; path = Info.plist; sourceTree = "<group>"; };
/* End PBXFileReference section */

/* Begin PBXFrameworksBuildPhase section */
		9BABBC5624E1BEE20094A851 /* Frameworks */ = {
			isa = PBXFrameworksBuildPhase;
			buildActionMask = 2147483647;
			files = (
			);
			runOnlyForDeploymentPostprocessing = 0;
		};
		9BABBC6724E1BEE60094A851 /* Frameworks */ = {
			isa = PBXFrameworksBuildPhase;
			buildActionMask = 2147483647;
			files = (
			);
			runOnlyForDeploymentPostprocessing = 0;
		};
		9BABBC7224E1BEE60094A851 /* Frameworks */ = {
			isa = PBXFrameworksBuildPhase;
			buildActionMask = 2147483647;
			files = (
			);
			runOnlyForDeploymentPostprocessing = 0;
		};
/* End PBXFrameworksBuildPhase section */

/* Begin PBXGroup section */
		9BABBC5024E1BEE20094A851 = {
			isa = PBXGroup;
			children = (
				9BABBC5B24E1BEE20094A851 /* WERKOUTZ */,
				9BABBC6D24E1BEE60094A851 /* WERKOUTZTests */,
				9BABBC7824E1BEE60094A851 /* WERKOUTZUITests */,
				9BABBC5A24E1BEE20094A851 /* Products */,
			);
			sourceTree = "<group>";
		};
		9BABBC5A24E1BEE20094A851 /* Products */ = {
			isa = PBXGroup;
			children = (
				9BABBC5924E1BEE20094A851 /* WERKOUTZ.app */,
				9BABBC6A24E1BEE60094A851 /* WERKOUTZTests.xctest */,
				9BABBC7524E1BEE60094A851 /* WERKOUTZUITests.xctest */,
			);
			name = Products;
			sourceTree = "<group>";
		};
		9BABBC5B24E1BEE20094A851 /* WERKOUTZ */ = {
			isa = PBXGroup;
			children = (
				9BABBC5C24E1BEE20094A851 /* WERKOUTZApp.swift */,
				9BABBC5E24E1BEE20094A851 /* ContentView.swift */,
				9BABBC6024E1BEE60094A851 /* Assets.xcassets */,
				9BABBC6524E1BEE60094A851 /* Info.plist */,
				9BABBC6224E1BEE60094A851 /* Preview Content */,
			);
			path = WERKOUTZ;
			sourceTree = "<group>";
		};
		9BABBC6224E1BEE60094A851 /* Preview Content */ = {
			isa = PBXGroup;
			children = (
				9BABBC6324E1BEE60094A851 /* Preview Assets.xcassets */,
			);
			path = "Preview Content";
			sourceTree = "<group>";
		};
		9BABBC6D24E1BEE60094A851 /* WERKOUTZTests */ = {
			isa = PBXGroup;
			children = (
				9BABBC6E24E1BEE60094A851 /* WERKOUTZTests.swift */,
				9BABBC7024E1BEE60094A851 /* Info.plist */,
			);
			path = WERKOUTZTests;
			sourceTree = "<group>";
		};
		9BABBC7824E1BEE60094A851 /* WERKOUTZUITests */ = {
			isa = PBXGroup;
			children = (
				9BABBC7924E1BEE60094A851 /* WERKOUTZUITests.swift */,
				9BABBC7B24E1BEE60094A851 /* Info.plist */,
			);
			path = WERKOUTZUITests;
			sourceTree = "<group>";
		};
/* End PBXGroup section */

/* Begin PBXNativeTarget section */
		9BABBC5824E1BEE20094A851 /* WERKOUTZ */ = {
			isa = PBXNativeTarget;
			buildConfigurationList = 9BABBC7E24E1BEE60094A851 /* Build configuration list for PBXNativeTarget "WERKOUTZ" */;
			buildPhases = (
				9BABBC5524E1BEE20094A851 /* Sources */,
				9BABBC5624E1BEE20094A851 /* Frameworks */,
				9BABBC5724E1BEE20094A851 /* Resources */,
			);
			buildRules = (
			);
			dependencies = (
			);
			name = WERKOUTZ;
			productName = WERKOUTZ;
			productReference = 9BABBC5924E1BEE20094A851 /* WERKOUTZ.app */;
			productType = "com.apple.product-type.application";
		};
		9BABBC6924E1BEE60094A851 /* WERKOUTZTests */ = {
			isa = PBXNativeTarget;
			buildConfigurationList = 9BABBC8124E1BEE60094A851 /* Build configuration list for PBXNativeTarget "WERKOUTZTests" */;
			buildPhases = (
				9BABBC6624E1BEE60094A851 /* Sources */,
				9BABBC6724E1BEE60094A851 /* Frameworks */,
				9BABBC6824E1BEE60094A851 /* Resources */,
			);
			buildRules = (
			);
			dependencies = (
				9BABBC6C24E1BEE60094A851 /* PBXTargetDependency */,
			);
			name = WERKOUTZTests;
			productName = WERKOUTZTests;
			productReference = 9BABBC6A24E1BEE60094A851 /* WERKOUTZTests.xctest */;
			productType = "com.apple.product-type.bundle.unit-test";
		};
		9BABBC7424E1BEE60094A851 /* WERKOUTZUITests */ = {
			isa = PBXNativeTarget;
			buildConfigurationList = 9BABBC8424E1BEE60094A851 /* Build configuration list for PBXNativeTarget "WERKOUTZUITests" */;
			buildPhases = (
				9BABBC7124E1BEE60094A851 /* Sources */,
				9BABBC7224E1BEE60094A851 /* Frameworks */,
				9BABBC7324E1BEE60094A851 /* Resources */,
			);
			buildRules = (
			);
			dependencies = (
				9BABBC7724E1BEE60094A851 /* PBXTargetDependency */,
			);
			name = WERKOUTZUITests;
			productName = WERKOUTZUITests;
			productReference = 9BABBC7524E1BEE60094A851 /* WERKOUTZUITests.xctest */;
			productType = "com.apple.product-type.bundle.ui-testing";
		};
/* End PBXNativeTarget section */

/* Begin PBXProject section */
		9BABBC5124E1BEE20094A851 /* Project object */ = {
			isa = PBXProject;
			attributes = {
				LastSwiftUpdateCheck = 1200;
				LastUpgradeCheck = 1200;
				TargetAttributes = {
					9BABBC5824E1BEE20094A851 = {
						CreatedOnToolsVersion = 12.0;
					};
					9BABBC6924E1BEE60094A851 = {
						CreatedOnToolsVersion = 12.0;
						TestTargetID = 9BABBC5824E1BEE20094A851;
					};
					9BABBC7424E1BEE60094A851 = {
						CreatedOnToolsVersion = 12.0;
						TestTargetID = 9BABBC5824E1BEE20094A851;
					};
				};
			};
			buildConfigurationList = 9BABBC5424E1BEE20094A851 /* Build configuration list for PBXProject "WERKOUTZ" */;
			compatibilityVersion = "Xcode 9.3";
			developmentRegion = en;
			hasScannedForEncodings = 0;
			knownRegions = (
				en,
				Base,
			);
			mainGroup = 9BABBC5024E1BEE20094A851;
			productRefGroup = 9BABBC5A24E1BEE20094A851 /* Products */;
			projectDirPath = "";
			projectRoot = "";
			targets = (
				9BABBC5824E1BEE20094A851 /* WERKOUTZ */,
				9BABBC6924E1BEE60094A851 /* WERKOUTZTests */,
				9BABBC7424E1BEE60094A851 /* WERKOUTZUITests */,
			);
		};
/* End PBXProject section */

/* Begin PBXResourcesBuildPhase section */
		9BABBC5724E1BEE20094A851 /* Resources */ = {
			isa = PBXResourcesBuildPhase;
			buildActionMask = 2147483647;
			files = (
				9BABBC6424E1BEE60094A851 /* Preview Assets.xcassets in Resources */,
				9BABBC6124E1BEE60094A851 /* Assets.xcassets in Resources */,
			);
			runOnlyForDeploymentPostprocessing = 0;
		};
		9BABBC6824E1BEE60094A851 /* Resources */ = {
			isa = PBXResourcesBuildPhase;
			buildActionMask = 2147483647;
			files = (
			);
			runOnlyForDeploymentPostprocessing = 0;
		};
		9BABBC7324E1BEE60094A851 /* Resources */ = {
			isa = PBXResourcesBuildPhase;
			buildActionMask = 2147483647;
			files = (
			);
			runOnlyForDeploymentPostprocessing = 0;
		};
/* End PBXResourcesBuildPhase section */

/* Begin PBXSourcesBuildPhase section */
		9BABBC5524E1BEE20094A851 /* Sources */ = {
			isa = PBXSourcesBuildPhase;
			buildActionMask = 2147483647;
			files = (
				9BABBC5F24E1BEE20094A851 /* ContentView.swift in Sources */,
				9BABBC5D24E1BEE20094A851 /* WERKOUTZApp.swift in Sources */,
			);
			runOnlyForDeploymentPostprocessing = 0;
		};
		9BABBC6624E1BEE60094A851 /* Sources */ = {
			isa = PBXSourcesBuildPhase;
			buildActionMask = 2147483647;
			files = (
				9BABBC6F24E1BEE60094A851 /* WERKOUTZTests.swift in Sources */,
			);
			runOnlyForDeploymentPostprocessing = 0;
		};
		9BABBC7124E1BEE60094A851 /* Sources */ = {
			isa = PBXSourcesBuildPhase;
			buildActionMask = 2147483647;
			files = (
				9BABBC7A24E1BEE60094A851 /* WERKOUTZUITests.swift in Sources */,
			);
			runOnlyForDeploymentPostprocessing = 0;
		};
/* End PBXSourcesBuildPhase section */

/* Begin PBXTargetDependency section */
		9BABBC6C24E1BEE60094A851 /* PBXTargetDependency */ = {
			isa = PBXTargetDependency;
			target = 9BABBC5824E1BEE20094A851 /* WERKOUTZ */;
			targetProxy = 9BABBC6B24E1BEE60094A851 /* PBXContainerItemProxy */;
		};
		9BABBC7724E1BEE60094A851 /* PBXTargetDependency */ = {
			isa = PBXTargetDependency;
			target = 9BABBC5824E1BEE20094A851 /* WERKOUTZ */;
			targetProxy = 9BABBC7624E1BEE60094A851 /* PBXContainerItemProxy */;
		};
/* End PBXTargetDependency section */

/* Begin XCBuildConfiguration section */
		9BABBC7C24E1BEE60094A851 /* Debug */ = {
			isa = XCBuildConfiguration;
			buildSettings = {
				ALWAYS_SEARCH_USER_PATHS = NO;
				CLANG_ANALYZER_NONNULL = YES;
				CLANG_ANALYZER_NUMBER_OBJECT_CONVERSION = YES_AGGRESSIVE;
				CLANG_CXX_LANGUAGE_STANDARD = "gnu++14";
				CLANG_CXX_LIBRARY = "libc++";
				CLANG_ENABLE_MODULES = YES;
				CLANG_ENABLE_OBJC_ARC = YES;
				CLANG_ENABLE_OBJC_WEAK = YES;
				CLANG_WARN_BLOCK_CAPTURE_AUTORELEASING = YES;
				CLANG_WARN_BOOL_CONVERSION = YES;
				CLANG_WARN_COMMA = YES;
				CLANG_WARN_CONSTANT_CONVERSION = YES;
				CLANG_WARN_DEPRECATED_OBJC_IMPLEMENTATIONS = YES;
				CLANG_WARN_DIRECT_OBJC_ISA_USAGE = YES_ERROR;
				CLANG_WARN_DOCUMENTATION_COMMENTS = YES;
				CLANG_WARN_EMPTY_BODY = YES;
				CLANG_WARN_ENUM_CONVERSION = YES;
				CLANG_WARN_INFINITE_RECURSION = YES;
				CLANG_WARN_INT_CONVERSION = YES;
				CLANG_WARN_NON_LITERAL_NULL_CONVERSION = YES;
				CLANG_WARN_OBJC_IMPLICIT_RETAIN_SELF = YES;
				CLANG_WARN_OBJC_LITERAL_CONVERSION = YES;
				CLANG_WARN_OBJC_ROOT_CLASS = YES_ERROR;
				CLANG_WARN_QUOTED_INCLUDE_IN_FRAMEWORK_HEADER = YES;
				CLANG_WARN_RANGE_LOOP_ANALYSIS = YES;
				CLANG_WARN_STRICT_PROTOTYPES = YES;
				CLANG_WARN_SUSPICIOUS_MOVE = YES;
				CLANG_WARN_UNGUARDED_AVAILABILITY = YES_AGGRESSIVE;
				CLANG_WARN_UNREACHABLE_CODE = YES;
				CLANG_WARN__DUPLICATE_METHOD_MATCH = YES;
				COPY_PHASE_STRIP = NO;
				DEBUG_INFORMATION_FORMAT = dwarf;
				ENABLE_STRICT_OBJC_MSGSEND = YES;
				ENABLE_TESTABILITY = YES;
				GCC_C_LANGUAGE_STANDARD = gnu11;
				GCC_DYNAMIC_NO_PIC = NO;
				GCC_NO_COMMON_BLOCKS = YES;
				GCC_OPTIMIZATION_LEVEL = 0;
				GCC_PREPROCESSOR_DEFINITIONS = (
					"DEBUG=1",
					"$(inherited)",
				);
				GCC_WARN_64_TO_32_BIT_CONVERSION = YES;
				GCC_WARN_ABOUT_RETURN_TYPE = YES_ERROR;
				GCC_WARN_UNDECLARED_SELECTOR = YES;
				GCC_WARN_UNINITIALIZED_AUTOS = YES_AGGRESSIVE;
				GCC_WARN_UNUSED_FUNCTION = YES;
				GCC_WARN_UNUSED_VARIABLE = YES;
				IPHONEOS_DEPLOYMENT_TARGET = 14.0;
				MTL_ENABLE_DEBUG_INFO = INCLUDE_SOURCE;
				MTL_FAST_MATH = YES;
				ONLY_ACTIVE_ARCH = YES;
				SDKROOT = iphoneos;
				SWIFT_ACTIVE_COMPILATION_CONDITIONS = DEBUG;
				SWIFT_OPTIMIZATION_LEVEL = "-Onone";
			};
			name = Debug;
		};
		9BABBC7D24E1BEE60094A851 /* Release */ = {
			isa = XCBuildConfiguration;
			buildSettings = {
				ALWAYS_SEARCH_USER_PATHS = NO;
				CLANG_ANALYZER_NONNULL = YES;
				CLANG_ANALYZER_NUMBER_OBJECT_CONVERSION = YES_AGGRESSIVE;
				CLANG_CXX_LANGUAGE_STANDARD = "gnu++14";
				CLANG_CXX_LIBRARY = "libc++";
				CLANG_ENABLE_MODULES = YES;
				CLANG_ENABLE_OBJC_ARC = YES;
				CLANG_ENABLE_OBJC_WEAK = YES;
				CLANG_WARN_BLOCK_CAPTURE_AUTORELEASING = YES;
				CLANG_WARN_BOOL_CONVERSION = YES;
				CLANG_WARN_COMMA = YES;
				CLANG_WARN_CONSTANT_CONVERSION = YES;
				CLANG_WARN_DEPRECATED_OBJC_IMPLEMENTATIONS = YES;
				CLANG_WARN_DIRECT_OBJC_ISA_USAGE = YES_ERROR;
				CLANG_WARN_DOCUMENTATION_COMMENTS = YES;
				CLANG_WARN_EMPTY_BODY = YES;
				CLANG_WARN_ENUM_CONVERSION = YES;
				CLANG_WARN_INFINITE_RECURSION = YES;
				CLANG_WARN_INT_CONVERSION = YES;
				CLANG_WARN_NON_LITERAL_NULL_CONVERSION = YES;
				CLANG_WARN_OBJC_IMPLICIT_RETAIN_SELF = YES;
				CLANG_WARN_OBJC_LITERAL_CONVERSION = YES;
				CLANG_WARN_OBJC_ROOT_CLASS = YES_ERROR;
				CLANG_WARN_QUOTED_INCLUDE_IN_FRAMEWORK_HEADER = YES;
				CLANG_WARN_RANGE_LOOP_ANALYSIS = YES;
				CLANG_WARN_STRICT_PROTOTYPES = YES;
				CLANG_WARN_SUSPICIOUS_MOVE = YES;
				CLANG_WARN_UNGUARDED_AVAILABILITY = YES_AGGRESSIVE;
				CLANG_WARN_UNREACHABLE_CODE = YES;
				CLANG_WARN__DUPLICATE_METHOD_MATCH = YES;
				COPY_PHASE_STRIP = NO;
				DEBUG_INFORMATION_FORMAT = "dwarf-with-dsym";
				ENABLE_NS_ASSERTIONS = NO;
				ENABLE_STRICT_OBJC_MSGSEND = YES;
				GCC_C_LANGUAGE_STANDARD = gnu11;
				GCC_NO_COMMON_BLOCKS = YES;
				GCC_WARN_64_TO_32_BIT_CONVERSION = YES;
				GCC_WARN_ABOUT_RETURN_TYPE = YES_ERROR;
				GCC_WARN_UNDECLARED_SELECTOR = YES;
				GCC_WARN_UNINITIALIZED_AUTOS = YES_AGGRESSIVE;
				GCC_WARN_UNUSED_FUNCTION = YES;
				GCC_WARN_UNUSED_VARIABLE = YES;
				IPHONEOS_DEPLOYMENT_TARGET = 14.0;
				MTL_ENABLE_DEBUG_INFO = NO;
				MTL_FAST_MATH = YES;
				SDKROOT = iphoneos;
				SWIFT_COMPILATION_MODE = wholemodule;
				SWIFT_OPTIMIZATION_LEVEL = "-O";
				VALIDATE_PRODUCT = YES;
			};
			name = Release;
		};
		9BABBC7F24E1BEE60094A851 /* Debug */ = {
			isa = XCBuildConfiguration;
			buildSettings = {
				ASSETCATALOG_COMPILER_APPICON_NAME = AppIcon;
				ASSETCATALOG_COMPILER_GLOBAL_ACCENT_COLOR_NAME = AccentColor;
				CODE_SIGN_STYLE = Automatic;
				DEVELOPMENT_ASSET_PATHS = "\"WERKOUTZ/Preview Content\"";
				DEVELOPMENT_TEAM = 96SB47X67B;
				ENABLE_PREVIEWS = YES;
				INFOPLIST_FILE = WERKOUTZ/Info.plist;
				IPHONEOS_DEPLOYMENT_TARGET = 14.0;
				LD_RUNPATH_SEARCH_PATHS = (
					"$(inherited)",
					"@executable_path/Frameworks",
				);
				PRODUCT_BUNDLE_IDENTIFIER = com.craunicproductions.WERKOUTZ;
				PRODUCT_NAME = "$(TARGET_NAME)";
				SWIFT_VERSION = 5.0;
				TARGETED_DEVICE_FAMILY = "1,2";
			};
			name = Debug;
		};
		9BABBC8024E1BEE60094A851 /* Release */ = {
			isa = XCBuildConfiguration;
			buildSettings = {
				ASSETCATALOG_COMPILER_APPICON_NAME = AppIcon;
				ASSETCATALOG_COMPILER_GLOBAL_ACCENT_COLOR_NAME = AccentColor;
				CODE_SIGN_STYLE = Automatic;
				DEVELOPMENT_ASSET_PATHS = "\"WERKOUTZ/Preview Content\"";
				DEVELOPMENT_TEAM = 96SB47X67B;
				ENABLE_PREVIEWS = YES;
				INFOPLIST_FILE = WERKOUTZ/Info.plist;
				IPHONEOS_DEPLOYMENT_TARGET = 14.0;
				LD_RUNPATH_SEARCH_PATHS = (
					"$(inherited)",
					"@executable_path/Frameworks",
				);
				PRODUCT_BUNDLE_IDENTIFIER = com.craunicproductions.WERKOUTZ;
				PRODUCT_NAME = "$(TARGET_NAME)";
				SWIFT_VERSION = 5.0;
				TARGETED_DEVICE_FAMILY = "1,2";
			};
			name = Release;
		};
		9BABBC8224E1BEE60094A851 /* Debug */ = {
			isa = XCBuildConfiguration;
			buildSettings = {
				ALWAYS_EMBED_SWIFT_STANDARD_LIBRARIES = YES;
				BUNDLE_LOADER = "$(TEST_HOST)";
				CODE_SIGN_STYLE = Automatic;
				DEVELOPMENT_TEAM = 96SB47X67B;
				INFOPLIST_FILE = WERKOUTZTests/Info.plist;
				IPHONEOS_DEPLOYMENT_TARGET = 14.0;
				LD_RUNPATH_SEARCH_PATHS = (
					"$(inherited)",
					"@executable_path/Frameworks",
					"@loader_path/Frameworks",
				);
				PRODUCT_BUNDLE_IDENTIFIER = com.craunicproductions.WERKOUTZTests;
				PRODUCT_NAME = "$(TARGET_NAME)";
				SWIFT_VERSION = 5.0;
				TARGETED_DEVICE_FAMILY = "1,2";
				TEST_HOST = "$(BUILT_PRODUCTS_DIR)/WERKOUTZ.app/WERKOUTZ";
			};
			name = Debug;
		};
		9BABBC8324E1BEE60094A851 /* Release */ = {
			isa = XCBuildConfiguration;
			buildSettings = {
				ALWAYS_EMBED_SWIFT_STANDARD_LIBRARIES = YES;
				BUNDLE_LOADER = "$(TEST_HOST)";
				CODE_SIGN_STYLE = Automatic;
				DEVELOPMENT_TEAM = 96SB47X67B;
				INFOPLIST_FILE = WERKOUTZTests/Info.plist;
				IPHONEOS_DEPLOYMENT_TARGET = 14.0;
				LD_RUNPATH_SEARCH_PATHS = (
					"$(inherited)",
					"@executable_path/Frameworks",
					"@loader_path/Frameworks",
				);
				PRODUCT_BUNDLE_IDENTIFIER = com.craunicproductions.WERKOUTZTests;
				PRODUCT_NAME = "$(TARGET_NAME)";
				SWIFT_VERSION = 5.0;
				TARGETED_DEVICE_FAMILY = "1,2";
				TEST_HOST = "$(BUILT_PRODUCTS_DIR)/WERKOUTZ.app/WERKOUTZ";
			};
			name = Release;
		};
		9BABBC8524E1BEE60094A851 /* Debug */ = {
			isa = XCBuildConfiguration;
			buildSettings = {
				ALWAYS_EMBED_SWIFT_STANDARD_LIBRARIES = YES;
				CODE_SIGN_STYLE = Automatic;
				DEVELOPMENT_TEAM = 96SB47X67B;
				INFOPLIST_FILE = WERKOUTZUITests/Info.plist;
				LD_RUNPATH_SEARCH_PATHS = (
					"$(inherited)",
					"@executable_path/Frameworks",
					"@loader_path/Frameworks",
				);
				PRODUCT_BUNDLE_IDENTIFIER = com.craunicproductions.WERKOUTZUITests;
				PRODUCT_NAME = "$(TARGET_NAME)";
				SWIFT_VERSION = 5.0;
				TARGETED_DEVICE_FAMILY = "1,2";
				TEST_TARGET_NAME = WERKOUTZ;
			};
			name = Debug;
		};
		9BABBC8624E1BEE60094A851 /* Release */ = {
			isa = XCBuildConfiguration;
			buildSettings = {
				ALWAYS_EMBED_SWIFT_STANDARD_LIBRARIES = YES;
				CODE_SIGN_STYLE = Automatic;
				DEVELOPMENT_TEAM = 96SB47X67B;
				INFOPLIST_FILE = WERKOUTZUITests/Info.plist;
				LD_RUNPATH_SEARCH_PATHS = (
					"$(inherited)",
					"@executable_path/Frameworks",
					"@loader_path/Frameworks",
				);
				PRODUCT_BUNDLE_IDENTIFIER = com.craunicproductions.WERKOUTZUITests;
				PRODUCT_NAME = "$(TARGET_NAME)";
				SWIFT_VERSION = 5.0;
				TARGETED_DEVICE_FAMILY = "1,2";
				TEST_TARGET_NAME = WERKOUTZ;
			};
			name = Release;
		};
/* End XCBuildConfiguration section */

/* Begin XCConfigurationList section */
		9BABBC5424E1BEE20094A851 /* Build configuration list for PBXProject "WERKOUTZ" */ = {
			isa = XCConfigurationList;
			buildConfigurations = (
				9BABBC7C24E1BEE60094A851 /* Debug */,
				9BABBC7D24E1BEE60094A851 /* Release */,
			);
			defaultConfigurationIsVisible = 0;
			defaultConfigurationName = Release;
		};
		9BABBC7E24E1BEE60094A851 /* Build configuration list for PBXNativeTarget "WERKOUTZ" */ = {
			isa = XCConfigurationList;
			buildConfigurations = (
				9BABBC7F24E1BEE60094A851 /* Debug */,
				9BABBC8024E1BEE60094A851 /* Release */,
			);
			defaultConfigurationIsVisible = 0;
			defaultConfigurationName = Release;
		};
		9BABBC8124E1BEE60094A851 /* Build configuration list for PBXNativeTarget "WERKOUTZTests" */ = {
			isa = XCConfigurationList;
			buildConfigurations = (
				9BABBC8224E1BEE60094A851 /* Debug */,
				9BABBC8324E1BEE60094A851 /* Release */,
			);
			defaultConfigurationIsVisible = 0;
			defaultConfigurationName = Release;
		};
		9BABBC8424E1BEE60094A851 /* Build configuration list for PBXNativeTarget "WERKOUTZUITests" */ = {
			isa = XCConfigurationList;
			buildConfigurations = (
				9BABBC8524E1BEE60094A851 /* Debug */,
				9BABBC8624E1BEE60094A851 /* Release */,
			);
			defaultConfigurationIsVisible = 0;
			defaultConfigurationName = Release;
		};
/* End XCConfigurationList section */
	};
	rootObject = 9BABBC5124E1BEE20094A851 /* Project object */;
}
